// !$*UTF8*$!
{
	archiveVersion = 1;
	classes = {
	};
	objectVersion = 77;
	objects = {

/* Begin PBXContainerItemProxy section */
		E092486A2E3BBB6300A8A76F /* PBXContainerItemProxy */ = {
			isa = PBXContainerItemProxy;
			containerPortal = E09248542E3BBB6100A8A76F /* Project object */;
			proxyType = 1;
			remoteGlobalIDString = E092485B2E3BBB6100A8A76F;
			remoteInfo = LifeTimer;
		};
		E09248742E3BBB6300A8A76F /* PBXContainerItemProxy */ = {
			isa = PBXContainerItemProxy;
			containerPortal = E09248542E3BBB6100A8A76F /* Project object */;
			proxyType = 1;
			remoteGlobalIDString = E092485B2E3BBB6100A8A76F;
			remoteInfo = LifeTimer;
		};
/* End PBXContainerItemProxy section */

/* Begin PBXFileReference section */
		E092485C2E3BBB6100A8A76F /* LifeTimer.app */ = {isa = PBXFileReference; explicitFileType = wrapper.application; includeInIndex = 0; path = LifeTimer.app; sourceTree = BUILT_PRODUCTS_DIR; };
		E09248692E3BBB6300A8A76F /* LifeTimerTests.xctest */ = {isa = PBXFileReference; explicitFileType = wrapper.cfbundle; includeInIndex = 0; path = LifeTimerTests.xctest; sourceTree = BUILT_PRODUCTS_DIR; };
		E09248732E3BBB6300A8A76F /* LifeTimerUITests.xctest */ = {isa = PBXFileReference; explicitFileType = wrapper.cfbundle; includeInIndex = 0; path = LifeTimerUITests.xctest; sourceTree = BUILT_PRODUCTS_DIR; };
/* End PBXFileReference section */

/* Begin PBXFileSystemSynchronizedRootGroup section */
		E092485E2E3BBB6100A8A76F /* LifeTimer */ = {
			isa = PBXFileSystemSynchronizedRootGroup;
			path = LifeTimer;
			sourceTree = "<group>";
		};
		E092486C2E3BBB6300A8A76F /* LifeTimerTests */ = {
			isa = PBXFileSystemSynchronizedRootGroup;
			path = LifeTimerTests;
			sourceTree = "<group>";
		};
		E09248762E3BBB6300A8A76F /* LifeTimerUITests */ = {
			isa = PBXFileSystemSynchronizedRootGroup;
			path = LifeTimerUITests;
			sourceTree = "<group>";
		};
/* End PBXFileSystemSynchronizedRootGroup section */

/* Begin PBXFrameworksBuildPhase section */
		E09248592E3BBB6100A8A76F /* Frameworks */ = {
			isa = PBXFrameworksBuildPhase;
			buildActionMask = 2147483647;
			files = (
			);
			runOnlyForDeploymentPostprocessing = 0;
		};
		E09248662E3BBB6300A8A76F /* Frameworks */ = {
			isa = PBXFrameworksBuildPhase;
			buildActionMask = 2147483647;
			files = (
			);
			runOnlyForDeploymentPostprocessing = 0;
		};
		E09248702E3BBB6300A8A76F /* Frameworks */ = {
			isa = PBXFrameworksBuildPhase;
			buildActionMask = 2147483647;
			files = (
			);
			runOnlyForDeploymentPostprocessing = 0;
		};
/* End PBXFrameworksBuildPhase section */

/* Begin PBXGroup section */
		E09248532E3BBB6100A8A76F = {
			isa = PBXGroup;
			children = (
				E092485E2E3BBB6100A8A76F /* LifeTimer */,
				E092486C2E3BBB6300A8A76F /* LifeTimerTests */,
				E09248762E3BBB6300A8A76F /* LifeTimerUITests */,
				E092485D2E3BBB6100A8A76F /* Products */,
			);
			sourceTree = "<group>";
		};
		E092485D2E3BBB6100A8A76F /* Products */ = {
			isa = PBXGroup;
			children = (
				E092485C2E3BBB6100A8A76F /* LifeTimer.app */,
				E09248692E3BBB6300A8A76F /* LifeTimerTests.xctest */,
				E09248732E3BBB6300A8A76F /* LifeTimerUITests.xctest */,
			);
			name = Products;
			sourceTree = "<group>";
		};
/* End PBXGroup section */

/* Begin PBXNativeTarget section */
		E092485B2E3BBB6100A8A76F /* LifeTimer */ = {
			isa = PBXNativeTarget;
			buildConfigurationList = E092487D2E3BBB6300A8A76F /* Build configuration list for PBXNativeTarget "LifeTimer" */;
			buildPhases = (
				E09248582E3BBB6100A8A76F /* Sources */,
				E09248592E3BBB6100A8A76F /* Frameworks */,
				E092485A2E3BBB6100A8A76F /* Resources */,
			);
			buildRules = (
			);
			dependencies = (
			);
			fileSystemSynchronizedGroups = (
				E092485E2E3BBB6100A8A76F /* LifeTimer */,
			);
			name = LifeTimer;
			packageProductDependencies = (
			);
			productName = LifeTimer;
			productReference = E092485C2E3BBB6100A8A76F /* LifeTimer.app */;
			productType = "com.apple.product-type.application";
		};
		E09248682E3BBB6300A8A76F /* LifeTimerTests */ = {
			isa = PBXNativeTarget;
			buildConfigurationList = E09248802E3BBB6300A8A76F /* Build configuration list for PBXNativeTarget "LifeTimerTests" */;
			buildPhases = (
				E09248652E3BBB6300A8A76F /* Sources */,
				E09248662E3BBB6300A8A76F /* Frameworks */,
				E09248672E3BBB6300A8A76F /* Resources */,
			);
			buildRules = (
			);
			dependencies = (
				E092486B2E3BBB6300A8A76F /* PBXTargetDependency */,
			);
			fileSystemSynchronizedGroups = (
				E092486C2E3BBB6300A8A76F /* LifeTimerTests */,
			);
			name = LifeTimerTests;
			packageProductDependencies = (
			);
			productName = LifeTimerTests;
			productReference = E09248692E3BBB6300A8A76F /* LifeTimerTests.xctest */;
			productType = "com.apple.product-type.bundle.unit-test";
		};
		E09248722E3BBB6300A8A76F /* LifeTimerUITests */ = {
			isa = PBXNativeTarget;
			buildConfigurationList = E09248832E3BBB6300A8A76F /* Build configuration list for PBXNativeTarget "LifeTimerUITests" */;
			buildPhases = (
				E092486F2E3BBB6300A8A76F /* Sources */,
				E09248702E3BBB6300A8A76F /* Frameworks */,
				E09248712E3BBB6300A8A76F /* Resources */,
			);
			buildRules = (
			);
			dependencies = (
				E09248752E3BBB6300A8A76F /* PBXTargetDependency */,
			);
			fileSystemSynchronizedGroups = (
				E09248762E3BBB6300A8A76F /* LifeTimerUITests */,
			);
			name = LifeTimerUITests;
			packageProductDependencies = (
			);
			productName = LifeTimerUITests;
			productReference = E09248732E3BBB6300A8A76F /* LifeTimerUITests.xctest */;
			productType = "com.apple.product-type.bundle.ui-testing";
		};
/* End PBXNativeTarget section */

/* Begin PBXProject section */
		E09248542E3BBB6100A8A76F /* Project object */ = {
			isa = PBXProject;
			attributes = {
				BuildIndependentTargetsInParallel = 1;
				LastSwiftUpdateCheck = 1640;
				LastUpgradeCheck = 1640;
				TargetAttributes = {
					E092485B2E3BBB6100A8A76F = {
						CreatedOnToolsVersion = 16.4;
					};
					E09248682E3BBB6300A8A76F = {
						CreatedOnToolsVersion = 16.4;
						TestTargetID = E092485B2E3BBB6100A8A76F;
					};
					E09248722E3BBB6300A8A76F = {
						CreatedOnToolsVersion = 16.4;
						TestTargetID = E092485B2E3BBB6100A8A76F;
					};
				};
			};
			buildConfigurationList = E09248572E3BBB6100A8A76F /* Build configuration list for PBXProject "LifeTimer" */;
			developmentRegion = en;
			hasScannedForEncodings = 0;
			knownRegions = (
				en,
				Base,
			);
			mainGroup = E09248532E3BBB6100A8A76F;
			minimizedProjectReferenceProxies = 1;
			preferredProjectObjectVersion = 77;
			productRefGroup = E092485D2E3BBB6100A8A76F /* Products */;
			projectDirPath = "";
			projectRoot = "";
			targets = (
				E092485B2E3BBB6100A8A76F /* LifeTimer */,
				E09248682E3BBB6300A8A76F /* LifeTimerTests */,
				E09248722E3BBB6300A8A76F /* LifeTimerUITests */,
			);
		};
/* End PBXProject section */

/* Begin PBXResourcesBuildPhase section */
		E092485A2E3BBB6100A8A76F /* Resources */ = {
			isa = PBXResourcesBuildPhase;
			buildActionMask = 2147483647;
			files = (
			);
			runOnlyForDeploymentPostprocessing = 0;
		};
		E09248672E3BBB6300A8A76F /* Resources */ = {
			isa = PBXResourcesBuildPhase;
			buildActionMask = 2147483647;
			files = (
			);
			runOnlyForDeploymentPostprocessing = 0;
		};
		E09248712E3BBB6300A8A76F /* Resources */ = {
			isa = PBXResourcesBuildPhase;
			buildActionMask = 2147483647;
			files = (
			);
			runOnlyForDeploymentPostprocessing = 0;
		};
/* End PBXResourcesBuildPhase section */

/* Begin PBXSourcesBuildPhase section */
		E09248582E3BBB6100A8A76F /* Sources */ = {
			isa = PBXSourcesBuildPhase;
			buildActionMask = 2147483647;
			files = (
			);
			runOnlyForDeploymentPostprocessing = 0;
		};
		E09248652E3BBB6300A8A76F /* Sources */ = {
			isa = PBXSourcesBuildPhase;
			buildActionMask = 2147483647;
			files = (
			);
			runOnlyForDeploymentPostprocessing = 0;
		};
		E092486F2E3BBB6300A8A76F /* Sources */ = {
			isa = PBXSourcesBuildPhase;
			buildActionMask = 2147483647;
			files = (
			);
			runOnlyForDeploymentPostprocessing = 0;
		};
/* End PBXSourcesBuildPhase section */

/* Begin PBXTargetDependency section */
		E092486B2E3BBB6300A8A76F /* PBXTargetDependency */ = {
			isa = PBXTargetDependency;
			target = E092485B2E3BBB6100A8A76F /* LifeTimer */;
			targetProxy = E092486A2E3BBB6300A8A76F /* PBXContainerItemProxy */;
		};
		E09248752E3BBB6300A8A76F /* PBXTargetDependency */ = {
			isa = PBXTargetDependency;
			target = E092485B2E3BBB6100A8A76F /* LifeTimer */;
			targetProxy = E09248742E3BBB6300A8A76F /* PBXContainerItemProxy */;
		};
/* End PBXTargetDependency section */

/* Begin XCBuildConfiguration section */
		E092487B2E3BBB6300A8A76F /* Debug */ = {
			isa = XCBuildConfiguration;
			buildSettings = {
				ALWAYS_SEARCH_USER_PATHS = NO;
				ASSETCATALOG_COMPILER_GENERATE_SWIFT_ASSET_SYMBOL_EXTENSIONS = YES;
				CLANG_ANALYZER_NONNULL = YES;
				CLANG_ANALYZER_NUMBER_OBJECT_CONVERSION = YES_AGGRESSIVE;
				CLANG_CXX_LANGUAGE_STANDARD = "gnu++20";
				CLANG_ENABLE_MODULES = YES;
				CLANG_ENABLE_OBJC_ARC = YES;
				CLANG_ENABLE_OBJC_WEAK = YES;
				CLANG_WARN_BLOCK_CAPTURE_AUTORELEASING = YES;
				CLANG_WARN_BOOL_CONVERSION = YES;
				CLANG_WARN_COMMA = YES;
				CLANG_WARN_CONSTANT_CONVERSION = YES;
				CLANG_WARN_DEPRECATED_OBJC_IMPLEMENTATIONS = YES;
				CLANG_WARN_DIRECT_OBJC_ISA_USAGE = YES_ERROR;
				CLANG_WARN_DOCUMENTATION_COMMENTS = YES;
				CLANG_WARN_EMPTY_BODY = YES;
				CLANG_WARN_ENUM_CONVERSION = YES;
				CLANG_WARN_INFINITE_RECURSION = YES;
				CLANG_WARN_INT_CONVERSION = YES;
				CLANG_WARN_NON_LITERAL_NULL_CONVERSION = YES;
				CLANG_WARN_OBJC_IMPLICIT_RETAIN_SELF = YES;
				CLANG_WARN_OBJC_LITERAL_CONVERSION = YES;
				CLANG_WARN_OBJC_ROOT_CLASS = YES_ERROR;
				CLANG_WARN_QUOTED_INCLUDE_IN_FRAMEWORK_HEADER = YES;
				CLANG_WARN_RANGE_LOOP_ANALYSIS = YES;
				CLANG_WARN_STRICT_PROTOTYPES = YES;
				CLANG_WARN_SUSPICIOUS_MOVE = YES;
				CLANG_WARN_UNGUARDED_AVAILABILITY = YES_AGGRESSIVE;
				CLANG_WARN_UNREACHABLE_CODE = YES;
				CLANG_WARN__DUPLICATE_METHOD_MATCH = YES;
				COPY_PHASE_STRIP = NO;
				DEBUG_INFORMATION_FORMAT = dwarf;
				ENABLE_STRICT_OBJC_MSGSEND = YES;
				ENABLE_TESTABILITY = YES;
				ENABLE_USER_SCRIPT_SANDBOXING = YES;
				GCC_C_LANGUAGE_STANDARD = gnu17;
				GCC_DYNAMIC_NO_PIC = NO;
				GCC_NO_COMMON_BLOCKS = YES;
				GCC_OPTIMIZATION_LEVEL = 0;
				GCC_PREPROCESSOR_DEFINITIONS = (
					"DEBUG=1",
					"$(inherited)",
				);
				GCC_WARN_64_TO_32_BIT_CONVERSION = YES;
				GCC_WARN_ABOUT_RETURN_TYPE = YES_ERROR;
				GCC_WARN_UNDECLARED_SELECTOR = YES;
				GCC_WARN_UNINITIALIZED_AUTOS = YES_AGGRESSIVE;
				GCC_WARN_UNUSED_FUNCTION = YES;
				GCC_WARN_UNUSED_VARIABLE = YES;
				IPHONEOS_DEPLOYMENT_TARGET = 18.5;
				LOCALIZATION_PREFERS_STRING_CATALOGS = YES;
				MTL_ENABLE_DEBUG_INFO = INCLUDE_SOURCE;
				MTL_FAST_MATH = YES;
				ONLY_ACTIVE_ARCH = YES;
				SDKROOT = iphoneos;
				SWIFT_ACTIVE_COMPILATION_CONDITIONS = "DEBUG $(inherited)";
				SWIFT_OPTIMIZATION_LEVEL = "-Onone";
			};
			name = Debug;
		};
		E092487C2E3BBB6300A8A76F /* Release */ = {
			isa = XCBuildConfiguration;
			buildSettings = {
				ALWAYS_SEARCH_USER_PATHS = NO;
				ASSETCATALOG_COMPILER_GENERATE_SWIFT_ASSET_SYMBOL_EXTENSIONS = YES;
				CLANG_ANALYZER_NONNULL = YES;
				CLANG_ANALYZER_NUMBER_OBJECT_CONVERSION = YES_AGGRESSIVE;
				CLANG_CXX_LANGUAGE_STANDARD = "gnu++20";
				CLANG_ENABLE_MODULES = YES;
				CLANG_ENABLE_OBJC_ARC = YES;
				CLANG_ENABLE_OBJC_WEAK = YES;
				CLANG_WARN_BLOCK_CAPTURE_AUTORELEASING = YES;
				CLANG_WARN_BOOL_CONVERSION = YES;
				CLANG_WARN_COMMA = YES;
				CLANG_WARN_CONSTANT_CONVERSION = YES;
				CLANG_WARN_DEPRECATED_OBJC_IMPLEMENTATIONS = YES;
				CLANG_WARN_DIRECT_OBJC_ISA_USAGE = YES_ERROR;
				CLANG_WARN_DOCUMENTATION_COMMENTS = YES;
				CLANG_WARN_EMPTY_BODY = YES;
				CLANG_WARN_ENUM_CONVERSION = YES;
				CLANG_WARN_INFINITE_RECURSION = YES;
				CLANG_WARN_INT_CONVERSION = YES;
				CLANG_WARN_NON_LITERAL_NULL_CONVERSION = YES;
				CLANG_WARN_OBJC_IMPLICIT_RETAIN_SELF = YES;
				CLANG_WARN_OBJC_LITERAL_CONVERSION = YES;
				CLANG_WARN_OBJC_ROOT_CLASS = YES_ERROR;
				CLANG_WARN_QUOTED_INCLUDE_IN_FRAMEWORK_HEADER = YES;
				CLANG_WARN_RANGE_LOOP_ANALYSIS = YES;
				CLANG_WARN_STRICT_PROTOTYPES = YES;
				CLANG_WARN_SUSPICIOUS_MOVE = YES;
				CLANG_WARN_UNGUARDED_AVAILABILITY = YES_AGGRESSIVE;
				CLANG_WARN_UNREACHABLE_CODE = YES;
				CLANG_WARN__DUPLICATE_METHOD_MATCH = YES;
				COPY_PHASE_STRIP = NO;
				DEBUG_INFORMATION_FORMAT = "dwarf-with-dsym";
				ENABLE_NS_ASSERTIONS = NO;
				ENABLE_STRICT_OBJC_MSGSEND = YES;
				ENABLE_USER_SCRIPT_SANDBOXING = YES;
				GCC_C_LANGUAGE_STANDARD = gnu17;
				GCC_NO_COMMON_BLOCKS = YES;
				GCC_WARN_64_TO_32_BIT_CONVERSION = YES;
				GCC_WARN_ABOUT_RETURN_TYPE = YES_ERROR;
				GCC_WARN_UNDECLARED_SELECTOR = YES;
				GCC_WARN_UNINITIALIZED_AUTOS = YES_AGGRESSIVE;
				GCC_WARN_UNUSED_FUNCTION = YES;
				GCC_WARN_UNUSED_VARIABLE = YES;
				IPHONEOS_DEPLOYMENT_TARGET = 18.5;
				LOCALIZATION_PREFERS_STRING_CATALOGS = YES;
				MTL_ENABLE_DEBUG_INFO = NO;
				MTL_FAST_MATH = YES;
				SDKROOT = iphoneos;
				SWIFT_COMPILATION_MODE = wholemodule;
				VALIDATE_PRODUCT = YES;
			};
			name = Release;
		};
		E092487E2E3BBB6300A8A76F /* Debug */ = {
			isa = XCBuildConfiguration;
			buildSettings = {
				ASSETCATALOG_COMPILER_APPICON_NAME = AppIcon;
				ASSETCATALOG_COMPILER_GLOBAL_ACCENT_COLOR_NAME = AccentColor;
				CODE_SIGN_STYLE = Automatic;
				CURRENT_PROJECT_VERSION = 1;
				ENABLE_PREVIEWS = YES;
				GENERATE_INFOPLIST_FILE = YES;
				INFOPLIST_KEY_UIApplicationSceneManifest_Generation = YES;
				INFOPLIST_KEY_UIApplicationSupportsIndirectInputEvents = YES;
				INFOPLIST_KEY_UILaunchScreen_Generation = YES;
				INFOPLIST_KEY_UISupportedInterfaceOrientations_iPad = "UIInterfaceOrientationPortrait UIInterfaceOrientationPortraitUpsideDown UIInterfaceOrientationLandscapeLeft UIInterfaceOrientationLandscapeRight";
				INFOPLIST_KEY_UISupportedInterfaceOrientations_iPhone = "UIInterfaceOrientationPortrait UIInterfaceOrientationLandscapeLeft UIInterfaceOrientationLandscapeRight";
				LD_RUNPATH_SEARCH_PATHS = (
					"$(inherited)",
					"@executable_path/Frameworks",
				);
				MARKETING_VERSION = 1.0;
				PRODUCT_BUNDLE_IDENTIFIER = com.test01.LifeTimer;
				PRODUCT_NAME = "$(TARGET_NAME)";
				SWIFT_EMIT_LOC_STRINGS = YES;
				SWIFT_VERSION = 5.0;
				TARGETED_DEVICE_FAMILY = "1,2";
			};
			name = Debug;
		};
		E092487F2E3BBB6300A8A76F /* Release */ = {
			isa = XCBuildConfiguration;
			buildSettings = {
				ASSETCATALOG_COMPILER_APPICON_NAME = AppIcon;
				ASSETCATALOG_COMPILER_GLOBAL_ACCENT_COLOR_NAME = AccentColor;
				CODE_SIGN_STYLE = Automatic;
				CURRENT_PROJECT_VERSION = 1;
				ENABLE_PREVIEWS = YES;
				GENERATE_INFOPLIST_FILE = YES;
				INFOPLIST_KEY_UIApplicationSceneManifest_Generation = YES;
				INFOPLIST_KEY_UIApplicationSupportsIndirectInputEvents = YES;
				INFOPLIST_KEY_UILaunchScreen_Generation = YES;
				INFOPLIST_KEY_UISupportedInterfaceOrientations_iPad = "UIInterfaceOrientationPortrait UIInterfaceOrientationPortraitUpsideDown UIInterfaceOrientationLandscapeLeft UIInterfaceOrientationLandscapeRight";
				INFOPLIST_KEY_UISupportedInterfaceOrientations_iPhone = "UIInterfaceOrientationPortrait UIInterfaceOrientationLandscapeLeft UIInterfaceOrientationLandscapeRight";
				LD_RUNPATH_SEARCH_PATHS = (
					"$(inherited)",
					"@executable_path/Frameworks",
				);
				MARKETING_VERSION = 1.0;
				PRODUCT_BUNDLE_IDENTIFIER = com.test01.LifeTimer;
				PRODUCT_NAME = "$(TARGET_NAME)";
				SWIFT_EMIT_LOC_STRINGS = YES;
				SWIFT_VERSION = 5.0;
				TARGETED_DEVICE_FAMILY = "1,2";
			};
			name = Release;
		};
		E09248812E3BBB6300A8A76F /* Debug */ = {
			isa = XCBuildConfiguration;
			buildSettings = {
				BUNDLE_LOADER = "$(TEST_HOST)";
				CODE_SIGN_STYLE = Automatic;
				CURRENT_PROJECT_VERSION = 1;
				GENERATE_INFOPLIST_FILE = YES;
				IPHONEOS_DEPLOYMENT_TARGET = 18.5;
				MARKETING_VERSION = 1.0;
				PRODUCT_BUNDLE_IDENTIFIER = com.test01.LifeTimerTests;
				PRODUCT_NAME = "$(TARGET_NAME)";
				SWIFT_EMIT_LOC_STRINGS = NO;
				SWIFT_VERSION = 5.0;
				TARGETED_DEVICE_FAMILY = "1,2";
				TEST_HOST = "$(BUILT_PRODUCTS_DIR)/LifeTimer.app/$(BUNDLE_EXECUTABLE_FOLDER_PATH)/LifeTimer";
			};
			name = Debug;
		};
		E09248822E3BBB6300A8A76F /* Release */ = {
			isa = XCBuildConfiguration;
			buildSettings = {
				BUNDLE_LOADER = "$(TEST_HOST)";
				CODE_SIGN_STYLE = Automatic;
				CURRENT_PROJECT_VERSION = 1;
				GENERATE_INFOPLIST_FILE = YES;
				IPHONEOS_DEPLOYMENT_TARGET = 18.5;
				MARKETING_VERSION = 1.0;
				PRODUCT_BUNDLE_IDENTIFIER = com.test01.LifeTimerTests;
				PRODUCT_NAME = "$(TARGET_NAME)";
				SWIFT_EMIT_LOC_STRINGS = NO;
				SWIFT_VERSION = 5.0;
				TARGETED_DEVICE_FAMILY = "1,2";
				TEST_HOST = "$(BUILT_PRODUCTS_DIR)/LifeTimer.app/$(BUNDLE_EXECUTABLE_FOLDER_PATH)/LifeTimer";
			};
			name = Release;
		};
		E09248842E3BBB6300A8A76F /* Debug */ = {
			isa = XCBuildConfiguration;
			buildSettings = {
				CODE_SIGN_STYLE = Automatic;
				CURRENT_PROJECT_VERSION = 1;
				GENERATE_INFOPLIST_FILE = YES;
				MARKETING_VERSION = 1.0;
				PRODUCT_BUNDLE_IDENTIFIER = com.test01.LifeTimerUITests;
				PRODUCT_NAME = "$(TARGET_NAME)";
				SWIFT_EMIT_LOC_STRINGS = NO;
				SWIFT_VERSION = 5.0;
				TARGETED_DEVICE_FAMILY = "1,2";
				TEST_TARGET_NAME = LifeTimer;
			};
			name = Debug;
		};
		E09248852E3BBB6300A8A76F /* Release */ = {
			isa = XCBuildConfiguration;
			buildSettings = {
				CODE_SIGN_STYLE = Automatic;
				CURRENT_PROJECT_VERSION = 1;
				GENERATE_INFOPLIST_FILE = YES;
				MARKETING_VERSION = 1.0;
				PRODUCT_BUNDLE_IDENTIFIER = com.test01.LifeTimerUITests;
				PRODUCT_NAME = "$(TARGET_NAME)";
				SWIFT_EMIT_LOC_STRINGS = NO;
				SWIFT_VERSION = 5.0;
				TARGETED_DEVICE_FAMILY = "1,2";
				TEST_TARGET_NAME = LifeTimer;
			};
			name = Release;
		};
/* End XCBuildConfiguration section */

/* Begin XCConfigurationList section */
		E09248572E3BBB6100A8A76F /* Build configuration list for PBXProject "LifeTimer" */ = {
			isa = XCConfigurationList;
			buildConfigurations = (
				E092487B2E3BBB6300A8A76F /* Debug */,
				E092487C2E3BBB6300A8A76F /* Release */,
			);
			defaultConfigurationIsVisible = 0;
			defaultConfigurationName = Release;
		};
		E092487D2E3BBB6300A8A76F /* Build configuration list for PBXNativeTarget "LifeTimer" */ = {
			isa = XCConfigurationList;
			buildConfigurations = (
				E092487E2E3BBB6300A8A76F /* Debug */,
				E092487F2E3BBB6300A8A76F /* Release */,
			);
			defaultConfigurationIsVisible = 0;
			defaultConfigurationName = Release;
		};
		E09248802E3BBB6300A8A76F /* Build configuration list for PBXNativeTarget "LifeTimerTests" */ = {
			isa = XCConfigurationList;
			buildConfigurations = (
				E09248812E3BBB6300A8A76F /* Debug */,
				E09248822E3BBB6300A8A76F /* Release */,
			);
			defaultConfigurationIsVisible = 0;
			defaultConfigurationName = Release;
		};
		E09248832E3BBB6300A8A76F /* Build configuration list for PBXNativeTarget "LifeTimerUITests" */ = {
			isa = XCConfigurationList;
			buildConfigurations = (
				E09248842E3BBB6300A8A76F /* Debug */,
				E09248852E3BBB6300A8A76F /* Release */,
			);
			defaultConfigurationIsVisible = 0;
			defaultConfigurationName = Release;
		};
/* End XCConfigurationList section */
	};
	rootObject = E09248542E3BBB6100A8A76F /* Project object */;
}
